
Microsoft Visual Studio Solution File, Format Version 12.00
# Visual Studio Version 17
VisualStudioVersion = 17.11.35327.3
MinimumVisualStudioVersion = 10.0.40219.1
Project("{FAE04EC0-301F-11D3-BF4B-00C04F79EFBC}") = "lab6", "lab6.csproj", "{743629A1-C524-4D92-9111-BC48AAB5C092}"
EndProject
Global
	GlobalSection(SolutionConfigurationPlatforms) = preSolution
		Debug|Any CPU = Debug|Any CPU
		Release|Any CPU = Release|Any CPU
	EndGlobalSection
	GlobalSection(ProjectConfigurationPlatforms) = postSolution
		{743629A1-C524-4D92-9111-BC48AAB5C092}.Debug|Any CPU.ActiveCfg = Debug|Any CPU
		{743629A1-C524-4D92-9111-BC48AAB5C092}.Debug|Any CPU.Build.0 = Debug|Any CPU
		{743629A1-C524-4D92-9111-BC48AAB5C092}.Release|Any CPU.ActiveCfg = Release|Any CPU
		{743629A1-C524-4D92-9111-BC48AAB5C092}.Release|Any CPU.Build.0 = Release|Any CPU
	EndGlobalSection
	GlobalSection(SolutionProperties) = preSolution
		HideSolutionNode = FALSE
	EndGlobalSection
	GlobalSection(ExtensibilityGlobals) = postSolution
		SolutionGuid = {17C3624D-7810-456E-9365-F78C43083759}
	EndGlobalSection
EndGlobal
